// !$*UTF8*$!
{
	archiveVersion = 1;
	classes = {
	};
	objectVersion = 56;
	objects = {

/* Begin PBXBuildFile section */
		61EAA9A22A8DDCF80011392D /* PaintBoardApp.swift in Sources */ = {isa = PBXBuildFile; fileRef = 61EAA9A12A8DDCF80011392D /* PaintBoardApp.swift */; };
		61EAA9A42A8DDCF80011392D /* ContentView.swift in Sources */ = {isa = PBXBuildFile; fileRef = 61EAA9A32A8DDCF80011392D /* ContentView.swift */; };
		61EAA9A62A8DDCF90011392D /* Assets.xcassets in Resources */ = {isa = PBXBuildFile; fileRef = 61EAA9A52A8DDCF90011392D /* Assets.xcassets */; };
		61EAA9A92A8DDCF90011392D /* Preview Assets.xcassets in Resources */ = {isa = PBXBuildFile; fileRef = 61EAA9A82A8DDCF90011392D /* Preview Assets.xcassets */; };
		61EAA9B32A8DDCFA0011392D /* PaintBoardTests.swift in Sources */ = {isa = PBXBuildFile; fileRef = 61EAA9B22A8DDCFA0011392D /* PaintBoardTests.swift */; };
		61EAA9BD2A8DDCFA0011392D /* PaintBoardUITests.swift in Sources */ = {isa = PBXBuildFile; fileRef = 61EAA9BC2A8DDCFA0011392D /* PaintBoardUITests.swift */; };
		61EAA9BF2A8DDCFA0011392D /* PaintBoardUITestsLaunchTests.swift in Sources */ = {isa = PBXBuildFile; fileRef = 61EAA9BE2A8DDCFA0011392D /* PaintBoardUITestsLaunchTests.swift */; };
		61EAA9CE2A8DDD9F0011392D /* GoogleService-Info.plist in Resources */ = {isa = PBXBuildFile; fileRef = 61EAA9CD2A8DDD9F0011392D /* GoogleService-Info.plist */; };
		61EAA9D12A8DDE7E0011392D /* FirebaseAuth in Frameworks */ = {isa = PBXBuildFile; productRef = 61EAA9D02A8DDE7E0011392D /* FirebaseAuth */; };
		61EAA9D32A8DDE7E0011392D /* FirebaseDatabase in Frameworks */ = {isa = PBXBuildFile; productRef = 61EAA9D22A8DDE7E0011392D /* FirebaseDatabase */; };
		61EAA9D52A8DDE7E0011392D /* FirebaseDatabaseSwift in Frameworks */ = {isa = PBXBuildFile; productRef = 61EAA9D42A8DDE7E0011392D /* FirebaseDatabaseSwift */; };
		61EAA9D72A8DDE7E0011392D /* FirebaseFirestore in Frameworks */ = {isa = PBXBuildFile; productRef = 61EAA9D62A8DDE7E0011392D /* FirebaseFirestore */; };
		61EAA9DB2A8DE2070011392D /* ToolSelectView.swift in Sources */ = {isa = PBXBuildFile; fileRef = 61EAA9DA2A8DE2070011392D /* ToolSelectView.swift */; };
		61EAA9DD2A8DE2100011392D /* PaletteView.swift in Sources */ = {isa = PBXBuildFile; fileRef = 61EAA9DC2A8DE2100011392D /* PaletteView.swift */; };
		61EAA9DF2A8DE2170011392D /* CanvasView.swift in Sources */ = {isa = PBXBuildFile; fileRef = 61EAA9DE2A8DE2170011392D /* CanvasView.swift */; };
		61EAA9E12A8DE24A0011392D /* Canvas.swift in Sources */ = {isa = PBXBuildFile; fileRef = 61EAA9E02A8DE24A0011392D /* Canvas.swift */; };
/* End PBXBuildFile section */

/* Begin PBXContainerItemProxy section */
		61EAA9AF2A8DDCFA0011392D /* PBXContainerItemProxy */ = {
			isa = PBXContainerItemProxy;
			containerPortal = 61EAA9962A8DDCF80011392D /* Project object */;
			proxyType = 1;
			remoteGlobalIDString = 61EAA99D2A8DDCF80011392D;
			remoteInfo = PaintBoard;
		};
		61EAA9B92A8DDCFA0011392D /* PBXContainerItemProxy */ = {
			isa = PBXContainerItemProxy;
			containerPortal = 61EAA9962A8DDCF80011392D /* Project object */;
			proxyType = 1;
			remoteGlobalIDString = 61EAA99D2A8DDCF80011392D;
			remoteInfo = PaintBoard;
		};
/* End PBXContainerItemProxy section */

/* Begin PBXFileReference section */
		61EAA99E2A8DDCF80011392D /* PaintBoard.app */ = {isa = PBXFileReference; explicitFileType = wrapper.application; includeInIndex = 0; path = PaintBoard.app; sourceTree = BUILT_PRODUCTS_DIR; };
		61EAA9A12A8DDCF80011392D /* PaintBoardApp.swift */ = {isa = PBXFileReference; lastKnownFileType = sourcecode.swift; path = PaintBoardApp.swift; sourceTree = "<group>"; };
		61EAA9A32A8DDCF80011392D /* ContentView.swift */ = {isa = PBXFileReference; lastKnownFileType = sourcecode.swift; path = ContentView.swift; sourceTree = "<group>"; };
		61EAA9A52A8DDCF90011392D /* Assets.xcassets */ = {isa = PBXFileReference; lastKnownFileType = folder.assetcatalog; path = Assets.xcassets; sourceTree = "<group>"; };
		61EAA9A82A8DDCF90011392D /* Preview Assets.xcassets */ = {isa = PBXFileReference; lastKnownFileType = folder.assetcatalog; path = "Preview Assets.xcassets"; sourceTree = "<group>"; };
		61EAA9AE2A8DDCFA0011392D /* PaintBoardTests.xctest */ = {isa = PBXFileReference; explicitFileType = wrapper.cfbundle; includeInIndex = 0; path = PaintBoardTests.xctest; sourceTree = BUILT_PRODUCTS_DIR; };
		61EAA9B22A8DDCFA0011392D /* PaintBoardTests.swift */ = {isa = PBXFileReference; lastKnownFileType = sourcecode.swift; path = PaintBoardTests.swift; sourceTree = "<group>"; };
		61EAA9B82A8DDCFA0011392D /* PaintBoardUITests.xctest */ = {isa = PBXFileReference; explicitFileType = wrapper.cfbundle; includeInIndex = 0; path = PaintBoardUITests.xctest; sourceTree = BUILT_PRODUCTS_DIR; };
		61EAA9BC2A8DDCFA0011392D /* PaintBoardUITests.swift */ = {isa = PBXFileReference; lastKnownFileType = sourcecode.swift; path = PaintBoardUITests.swift; sourceTree = "<group>"; };
		61EAA9BE2A8DDCFA0011392D /* PaintBoardUITestsLaunchTests.swift */ = {isa = PBXFileReference; lastKnownFileType = sourcecode.swift; path = PaintBoardUITestsLaunchTests.swift; sourceTree = "<group>"; };
		61EAA9CD2A8DDD9F0011392D /* GoogleService-Info.plist */ = {isa = PBXFileReference; fileEncoding = 4; lastKnownFileType = text.plist.xml; name = "GoogleService-Info.plist"; path = "../../../Downloads/GoogleService-Info.plist"; sourceTree = "<group>"; };
		61EAA9DA2A8DE2070011392D /* ToolSelectView.swift */ = {isa = PBXFileReference; lastKnownFileType = sourcecode.swift; path = ToolSelectView.swift; sourceTree = "<group>"; };
		61EAA9DC2A8DE2100011392D /* PaletteView.swift */ = {isa = PBXFileReference; lastKnownFileType = sourcecode.swift; path = PaletteView.swift; sourceTree = "<group>"; };
		61EAA9DE2A8DE2170011392D /* CanvasView.swift */ = {isa = PBXFileReference; lastKnownFileType = sourcecode.swift; path = CanvasView.swift; sourceTree = "<group>"; };
		61EAA9E02A8DE24A0011392D /* Canvas.swift */ = {isa = PBXFileReference; lastKnownFileType = sourcecode.swift; path = Canvas.swift; sourceTree = "<group>"; };
/* End PBXFileReference section */

/* Begin PBXFrameworksBuildPhase section */
		61EAA99B2A8DDCF80011392D /* Frameworks */ = {
			isa = PBXFrameworksBuildPhase;
			buildActionMask = 2147483647;
			files = (
				61EAA9D52A8DDE7E0011392D /* FirebaseDatabaseSwift in Frameworks */,
				61EAA9D72A8DDE7E0011392D /* FirebaseFirestore in Frameworks */,
				61EAA9D32A8DDE7E0011392D /* FirebaseDatabase in Frameworks */,
				61EAA9D12A8DDE7E0011392D /* FirebaseAuth in Frameworks */,
			);
			runOnlyForDeploymentPostprocessing = 0;
		};
		61EAA9AB2A8DDCFA0011392D /* Frameworks */ = {
			isa = PBXFrameworksBuildPhase;
			buildActionMask = 2147483647;
			files = (
			);
			runOnlyForDeploymentPostprocessing = 0;
		};
		61EAA9B52A8DDCFA0011392D /* Frameworks */ = {
			isa = PBXFrameworksBuildPhase;
			buildActionMask = 2147483647;
			files = (
			);
			runOnlyForDeploymentPostprocessing = 0;
		};
/* End PBXFrameworksBuildPhase section */

/* Begin PBXGroup section */
		61EAA9952A8DDCF80011392D = {
			isa = PBXGroup;
			children = (
				61EAA9A02A8DDCF80011392D /* PaintBoard */,
				61EAA9B12A8DDCFA0011392D /* PaintBoardTests */,
				61EAA9BB2A8DDCFA0011392D /* PaintBoardUITests */,
				61EAA99F2A8DDCF80011392D /* Products */,
			);
			sourceTree = "<group>";
		};
		61EAA99F2A8DDCF80011392D /* Products */ = {
			isa = PBXGroup;
			children = (
				61EAA99E2A8DDCF80011392D /* PaintBoard.app */,
				61EAA9AE2A8DDCFA0011392D /* PaintBoardTests.xctest */,
				61EAA9B82A8DDCFA0011392D /* PaintBoardUITests.xctest */,
			);
			name = Products;
			sourceTree = "<group>";
		};
		61EAA9A02A8DDCF80011392D /* PaintBoard */ = {
			isa = PBXGroup;
			children = (
				61EAA9D92A8DE1AD0011392D /* Models */,
				61EAA9D82A8DE1A50011392D /* Views */,
				61EAA9CD2A8DDD9F0011392D /* GoogleService-Info.plist */,
				61EAA9A12A8DDCF80011392D /* PaintBoardApp.swift */,
				61EAA9A32A8DDCF80011392D /* ContentView.swift */,
				61EAA9A52A8DDCF90011392D /* Assets.xcassets */,
				61EAA9A72A8DDCF90011392D /* Preview Content */,
			);
			path = PaintBoard;
			sourceTree = "<group>";
		};
		61EAA9A72A8DDCF90011392D /* Preview Content */ = {
			isa = PBXGroup;
			children = (
				61EAA9A82A8DDCF90011392D /* Preview Assets.xcassets */,
			);
			path = "Preview Content";
			sourceTree = "<group>";
		};
		61EAA9B12A8DDCFA0011392D /* PaintBoardTests */ = {
			isa = PBXGroup;
			children = (
				61EAA9B22A8DDCFA0011392D /* PaintBoardTests.swift */,
			);
			path = PaintBoardTests;
			sourceTree = "<group>";
		};
		61EAA9BB2A8DDCFA0011392D /* PaintBoardUITests */ = {
			isa = PBXGroup;
			children = (
				61EAA9BC2A8DDCFA0011392D /* PaintBoardUITests.swift */,
				61EAA9BE2A8DDCFA0011392D /* PaintBoardUITestsLaunchTests.swift */,
			);
			path = PaintBoardUITests;
			sourceTree = "<group>";
		};
		61EAA9D82A8DE1A50011392D /* Views */ = {
			isa = PBXGroup;
			children = (
				61EAA9DA2A8DE2070011392D /* ToolSelectView.swift */,
				61EAA9DC2A8DE2100011392D /* PaletteView.swift */,
				61EAA9DE2A8DE2170011392D /* CanvasView.swift */,
			);
			path = Views;
			sourceTree = "<group>";
		};
		61EAA9D92A8DE1AD0011392D /* Models */ = {
			isa = PBXGroup;
			children = (
				61EAA9E02A8DE24A0011392D /* Canvas.swift */,
			);
			path = Models;
			sourceTree = "<group>";
		};
/* End PBXGroup section */

/* Begin PBXNativeTarget section */
		61EAA99D2A8DDCF80011392D /* PaintBoard */ = {
			isa = PBXNativeTarget;
			buildConfigurationList = 61EAA9C22A8DDCFA0011392D /* Build configuration list for PBXNativeTarget "PaintBoard" */;
			buildPhases = (
				61EAA99A2A8DDCF80011392D /* Sources */,
				61EAA99B2A8DDCF80011392D /* Frameworks */,
				61EAA99C2A8DDCF80011392D /* Resources */,
			);
			buildRules = (
			);
			dependencies = (
			);
			name = PaintBoard;
			packageProductDependencies = (
				61EAA9D02A8DDE7E0011392D /* FirebaseAuth */,
				61EAA9D22A8DDE7E0011392D /* FirebaseDatabase */,
				61EAA9D42A8DDE7E0011392D /* FirebaseDatabaseSwift */,
				61EAA9D62A8DDE7E0011392D /* FirebaseFirestore */,
			);
			productName = PaintBoard;
			productReference = 61EAA99E2A8DDCF80011392D /* PaintBoard.app */;
			productType = "com.apple.product-type.application";
		};
		61EAA9AD2A8DDCFA0011392D /* PaintBoardTests */ = {
			isa = PBXNativeTarget;
			buildConfigurationList = 61EAA9C52A8DDCFA0011392D /* Build configuration list for PBXNativeTarget "PaintBoardTests" */;
			buildPhases = (
				61EAA9AA2A8DDCFA0011392D /* Sources */,
				61EAA9AB2A8DDCFA0011392D /* Frameworks */,
				61EAA9AC2A8DDCFA0011392D /* Resources */,
			);
			buildRules = (
			);
			dependencies = (
				61EAA9B02A8DDCFA0011392D /* PBXTargetDependency */,
			);
			name = PaintBoardTests;
			productName = PaintBoardTests;
			productReference = 61EAA9AE2A8DDCFA0011392D /* PaintBoardTests.xctest */;
			productType = "com.apple.product-type.bundle.unit-test";
		};
		61EAA9B72A8DDCFA0011392D /* PaintBoardUITests */ = {
			isa = PBXNativeTarget;
			buildConfigurationList = 61EAA9C82A8DDCFA0011392D /* Build configuration list for PBXNativeTarget "PaintBoardUITests" */;
			buildPhases = (
				61EAA9B42A8DDCFA0011392D /* Sources */,
				61EAA9B52A8DDCFA0011392D /* Frameworks */,
				61EAA9B62A8DDCFA0011392D /* Resources */,
			);
			buildRules = (
			);
			dependencies = (
				61EAA9BA2A8DDCFA0011392D /* PBXTargetDependency */,
			);
			name = PaintBoardUITests;
			productName = PaintBoardUITests;
			productReference = 61EAA9B82A8DDCFA0011392D /* PaintBoardUITests.xctest */;
			productType = "com.apple.product-type.bundle.ui-testing";
		};
/* End PBXNativeTarget section */

/* Begin PBXProject section */
		61EAA9962A8DDCF80011392D /* Project object */ = {
			isa = PBXProject;
			attributes = {
				BuildIndependentTargetsInParallel = 1;
				LastSwiftUpdateCheck = 1430;
				LastUpgradeCheck = 1430;
				TargetAttributes = {
					61EAA99D2A8DDCF80011392D = {
						CreatedOnToolsVersion = 14.3.1;
					};
					61EAA9AD2A8DDCFA0011392D = {
						CreatedOnToolsVersion = 14.3.1;
						TestTargetID = 61EAA99D2A8DDCF80011392D;
					};
					61EAA9B72A8DDCFA0011392D = {
						CreatedOnToolsVersion = 14.3.1;
						TestTargetID = 61EAA99D2A8DDCF80011392D;
					};
				};
			};
			buildConfigurationList = 61EAA9992A8DDCF80011392D /* Build configuration list for PBXProject "PaintBoard" */;
			compatibilityVersion = "Xcode 14.0";
			developmentRegion = en;
			hasScannedForEncodings = 0;
			knownRegions = (
				en,
				Base,
			);
			mainGroup = 61EAA9952A8DDCF80011392D;
			packageReferences = (
				61EAA9CF2A8DDE7E0011392D /* XCRemoteSwiftPackageReference "firebase-ios-sdk" */,
			);
			productRefGroup = 61EAA99F2A8DDCF80011392D /* Products */;
			projectDirPath = "";
			projectRoot = "";
			targets = (
				61EAA99D2A8DDCF80011392D /* PaintBoard */,
				61EAA9AD2A8DDCFA0011392D /* PaintBoardTests */,
				61EAA9B72A8DDCFA0011392D /* PaintBoardUITests */,
			);
		};
/* End PBXProject section */

/* Begin PBXResourcesBuildPhase section */
		61EAA99C2A8DDCF80011392D /* Resources */ = {
			isa = PBXResourcesBuildPhase;
			buildActionMask = 2147483647;
			files = (
				61EAA9A92A8DDCF90011392D /* Preview Assets.xcassets in Resources */,
				61EAA9A62A8DDCF90011392D /* Assets.xcassets in Resources */,
				61EAA9CE2A8DDD9F0011392D /* GoogleService-Info.plist in Resources */,
			);
			runOnlyForDeploymentPostprocessing = 0;
		};
		61EAA9AC2A8DDCFA0011392D /* Resources */ = {
			isa = PBXResourcesBuildPhase;
			buildActionMask = 2147483647;
			files = (
			);
			runOnlyForDeploymentPostprocessing = 0;
		};
		61EAA9B62A8DDCFA0011392D /* Resources */ = {
			isa = PBXResourcesBuildPhase;
			buildActionMask = 2147483647;
			files = (
			);
			runOnlyForDeploymentPostprocessing = 0;
		};
/* End PBXResourcesBuildPhase section */

/* Begin PBXSourcesBuildPhase section */
		61EAA99A2A8DDCF80011392D /* Sources */ = {
			isa = PBXSourcesBuildPhase;
			buildActionMask = 2147483647;
			files = (
				61EAA9A42A8DDCF80011392D /* ContentView.swift in Sources */,
				61EAA9A22A8DDCF80011392D /* PaintBoardApp.swift in Sources */,
				61EAA9DF2A8DE2170011392D /* CanvasView.swift in Sources */,
				61EAA9DD2A8DE2100011392D /* PaletteView.swift in Sources */,
				61EAA9DB2A8DE2070011392D /* ToolSelectView.swift in Sources */,
				61EAA9E12A8DE24A0011392D /* Canvas.swift in Sources */,
			);
			runOnlyForDeploymentPostprocessing = 0;
		};
		61EAA9AA2A8DDCFA0011392D /* Sources */ = {
			isa = PBXSourcesBuildPhase;
			buildActionMask = 2147483647;
			files = (
				61EAA9B32A8DDCFA0011392D /* PaintBoardTests.swift in Sources */,
			);
			runOnlyForDeploymentPostprocessing = 0;
		};
		61EAA9B42A8DDCFA0011392D /* Sources */ = {
			isa = PBXSourcesBuildPhase;
			buildActionMask = 2147483647;
			files = (
				61EAA9BF2A8DDCFA0011392D /* PaintBoardUITestsLaunchTests.swift in Sources */,
				61EAA9BD2A8DDCFA0011392D /* PaintBoardUITests.swift in Sources */,
			);
			runOnlyForDeploymentPostprocessing = 0;
		};
/* End PBXSourcesBuildPhase section */

/* Begin PBXTargetDependency section */
		61EAA9B02A8DDCFA0011392D /* PBXTargetDependency */ = {
			isa = PBXTargetDependency;
			target = 61EAA99D2A8DDCF80011392D /* PaintBoard */;
			targetProxy = 61EAA9AF2A8DDCFA0011392D /* PBXContainerItemProxy */;
		};
		61EAA9BA2A8DDCFA0011392D /* PBXTargetDependency */ = {
			isa = PBXTargetDependency;
			target = 61EAA99D2A8DDCF80011392D /* PaintBoard */;
			targetProxy = 61EAA9B92A8DDCFA0011392D /* PBXContainerItemProxy */;
		};
/* End PBXTargetDependency section */

/* Begin XCBuildConfiguration section */
		61EAA9C02A8DDCFA0011392D /* Debug */ = {
			isa = XCBuildConfiguration;
			buildSettings = {
				ALWAYS_SEARCH_USER_PATHS = NO;
				CLANG_ANALYZER_NONNULL = YES;
				CLANG_ANALYZER_NUMBER_OBJECT_CONVERSION = YES_AGGRESSIVE;
				CLANG_CXX_LANGUAGE_STANDARD = "gnu++20";
				CLANG_ENABLE_MODULES = YES;
				CLANG_ENABLE_OBJC_ARC = YES;
				CLANG_ENABLE_OBJC_WEAK = YES;
				CLANG_WARN_BLOCK_CAPTURE_AUTORELEASING = YES;
				CLANG_WARN_BOOL_CONVERSION = YES;
				CLANG_WARN_COMMA = YES;
				CLANG_WARN_CONSTANT_CONVERSION = YES;
				CLANG_WARN_DEPRECATED_OBJC_IMPLEMENTATIONS = YES;
				CLANG_WARN_DIRECT_OBJC_ISA_USAGE = YES_ERROR;
				CLANG_WARN_DOCUMENTATION_COMMENTS = YES;
				CLANG_WARN_EMPTY_BODY = YES;
				CLANG_WARN_ENUM_CONVERSION = YES;
				CLANG_WARN_INFINITE_RECURSION = YES;
				CLANG_WARN_INT_CONVERSION = YES;
				CLANG_WARN_NON_LITERAL_NULL_CONVERSION = YES;
				CLANG_WARN_OBJC_IMPLICIT_RETAIN_SELF = YES;
				CLANG_WARN_OBJC_LITERAL_CONVERSION = YES;
				CLANG_WARN_OBJC_ROOT_CLASS = YES_ERROR;
				CLANG_WARN_QUOTED_INCLUDE_IN_FRAMEWORK_HEADER = YES;
				CLANG_WARN_RANGE_LOOP_ANALYSIS = YES;
				CLANG_WARN_STRICT_PROTOTYPES = YES;
				CLANG_WARN_SUSPICIOUS_MOVE = YES;
				CLANG_WARN_UNGUARDED_AVAILABILITY = YES_AGGRESSIVE;
				CLANG_WARN_UNREACHABLE_CODE = YES;
				CLANG_WARN__DUPLICATE_METHOD_MATCH = YES;
				COPY_PHASE_STRIP = NO;
				DEBUG_INFORMATION_FORMAT = dwarf;
				ENABLE_STRICT_OBJC_MSGSEND = YES;
				ENABLE_TESTABILITY = YES;
				GCC_C_LANGUAGE_STANDARD = gnu11;
				GCC_DYNAMIC_NO_PIC = NO;
				GCC_NO_COMMON_BLOCKS = YES;
				GCC_OPTIMIZATION_LEVEL = 0;
				GCC_PREPROCESSOR_DEFINITIONS = (
					"DEBUG=1",
					"$(inherited)",
				);
				GCC_WARN_64_TO_32_BIT_CONVERSION = YES;
				GCC_WARN_ABOUT_RETURN_TYPE = YES_ERROR;
				GCC_WARN_UNDECLARED_SELECTOR = YES;
				GCC_WARN_UNINITIALIZED_AUTOS = YES_AGGRESSIVE;
				GCC_WARN_UNUSED_FUNCTION = YES;
				GCC_WARN_UNUSED_VARIABLE = YES;
				IPHONEOS_DEPLOYMENT_TARGET = 16.4;
				MTL_ENABLE_DEBUG_INFO = INCLUDE_SOURCE;
				MTL_FAST_MATH = YES;
				ONLY_ACTIVE_ARCH = YES;
				SDKROOT = iphoneos;
				SWIFT_ACTIVE_COMPILATION_CONDITIONS = DEBUG;
				SWIFT_OPTIMIZATION_LEVEL = "-Onone";
			};
			name = Debug;
		};
		61EAA9C12A8DDCFA0011392D /* Release */ = {
			isa = XCBuildConfiguration;
			buildSettings = {
				ALWAYS_SEARCH_USER_PATHS = NO;
				CLANG_ANALYZER_NONNULL = YES;
				CLANG_ANALYZER_NUMBER_OBJECT_CONVERSION = YES_AGGRESSIVE;
				CLANG_CXX_LANGUAGE_STANDARD = "gnu++20";
				CLANG_ENABLE_MODULES = YES;
				CLANG_ENABLE_OBJC_ARC = YES;
				CLANG_ENABLE_OBJC_WEAK = YES;
				CLANG_WARN_BLOCK_CAPTURE_AUTORELEASING = YES;
				CLANG_WARN_BOOL_CONVERSION = YES;
				CLANG_WARN_COMMA = YES;
				CLANG_WARN_CONSTANT_CONVERSION = YES;
				CLANG_WARN_DEPRECATED_OBJC_IMPLEMENTATIONS = YES;
				CLANG_WARN_DIRECT_OBJC_ISA_USAGE = YES_ERROR;
				CLANG_WARN_DOCUMENTATION_COMMENTS = YES;
				CLANG_WARN_EMPTY_BODY = YES;
				CLANG_WARN_ENUM_CONVERSION = YES;
				CLANG_WARN_INFINITE_RECURSION = YES;
				CLANG_WARN_INT_CONVERSION = YES;
				CLANG_WARN_NON_LITERAL_NULL_CONVERSION = YES;
				CLANG_WARN_OBJC_IMPLICIT_RETAIN_SELF = YES;
				CLANG_WARN_OBJC_LITERAL_CONVERSION = YES;
				CLANG_WARN_OBJC_ROOT_CLASS = YES_ERROR;
				CLANG_WARN_QUOTED_INCLUDE_IN_FRAMEWORK_HEADER = YES;
				CLANG_WARN_RANGE_LOOP_ANALYSIS = YES;
				CLANG_WARN_STRICT_PROTOTYPES = YES;
				CLANG_WARN_SUSPICIOUS_MOVE = YES;
				CLANG_WARN_UNGUARDED_AVAILABILITY = YES_AGGRESSIVE;
				CLANG_WARN_UNREACHABLE_CODE = YES;
				CLANG_WARN__DUPLICATE_METHOD_MATCH = YES;
				COPY_PHASE_STRIP = NO;
				DEBUG_INFORMATION_FORMAT = "dwarf-with-dsym";
				ENABLE_NS_ASSERTIONS = NO;
				ENABLE_STRICT_OBJC_MSGSEND = YES;
				GCC_C_LANGUAGE_STANDARD = gnu11;
				GCC_NO_COMMON_BLOCKS = YES;
				GCC_WARN_64_TO_32_BIT_CONVERSION = YES;
				GCC_WARN_ABOUT_RETURN_TYPE = YES_ERROR;
				GCC_WARN_UNDECLARED_SELECTOR = YES;
				GCC_WARN_UNINITIALIZED_AUTOS = YES_AGGRESSIVE;
				GCC_WARN_UNUSED_FUNCTION = YES;
				GCC_WARN_UNUSED_VARIABLE = YES;
				IPHONEOS_DEPLOYMENT_TARGET = 16.4;
				MTL_ENABLE_DEBUG_INFO = NO;
				MTL_FAST_MATH = YES;
				SDKROOT = iphoneos;
				SWIFT_COMPILATION_MODE = wholemodule;
				SWIFT_OPTIMIZATION_LEVEL = "-O";
				VALIDATE_PRODUCT = YES;
			};
			name = Release;
		};
		61EAA9C32A8DDCFA0011392D /* Debug */ = {
			isa = XCBuildConfiguration;
			buildSettings = {
				ASSETCATALOG_COMPILER_APPICON_NAME = AppIcon;
				ASSETCATALOG_COMPILER_GLOBAL_ACCENT_COLOR_NAME = AccentColor;
				CODE_SIGN_STYLE = Automatic;
				CURRENT_PROJECT_VERSION = 1;
				DEVELOPMENT_ASSET_PATHS = "\"PaintBoard/Preview Content\"";
				ENABLE_PREVIEWS = YES;
				GENERATE_INFOPLIST_FILE = YES;
				INFOPLIST_KEY_UIApplicationSceneManifest_Generation = YES;
				INFOPLIST_KEY_UIApplicationSupportsIndirectInputEvents = YES;
				INFOPLIST_KEY_UILaunchScreen_Generation = YES;
				INFOPLIST_KEY_UISupportedInterfaceOrientations_iPad = "UIInterfaceOrientationPortrait UIInterfaceOrientationPortraitUpsideDown UIInterfaceOrientationLandscapeLeft UIInterfaceOrientationLandscapeRight";
				INFOPLIST_KEY_UISupportedInterfaceOrientations_iPhone = "UIInterfaceOrientationPortrait UIInterfaceOrientationLandscapeLeft UIInterfaceOrientationLandscapeRight";
				LD_RUNPATH_SEARCH_PATHS = (
					"$(inherited)",
					"@executable_path/Frameworks",
				);
				MARKETING_VERSION = 1.0;
				PRODUCT_BUNDLE_IDENTIFIER = com.deblur.PaintBoard;
				PRODUCT_NAME = "$(TARGET_NAME)";
				SWIFT_EMIT_LOC_STRINGS = YES;
				SWIFT_VERSION = 5.0;
				TARGETED_DEVICE_FAMILY = "1,2";
			};
			name = Debug;
		};
		61EAA9C42A8DDCFA0011392D /* Release */ = {
			isa = XCBuildConfiguration;
			buildSettings = {
				ASSETCATALOG_COMPILER_APPICON_NAME = AppIcon;
				ASSETCATALOG_COMPILER_GLOBAL_ACCENT_COLOR_NAME = AccentColor;
				CODE_SIGN_STYLE = Automatic;
				CURRENT_PROJECT_VERSION = 1;
				DEVELOPMENT_ASSET_PATHS = "\"PaintBoard/Preview Content\"";
				ENABLE_PREVIEWS = YES;
				GENERATE_INFOPLIST_FILE = YES;
				INFOPLIST_KEY_UIApplicationSceneManifest_Generation = YES;
				INFOPLIST_KEY_UIApplicationSupportsIndirectInputEvents = YES;
				INFOPLIST_KEY_UILaunchScreen_Generation = YES;
				INFOPLIST_KEY_UISupportedInterfaceOrientations_iPad = "UIInterfaceOrientationPortrait UIInterfaceOrientationPortraitUpsideDown UIInterfaceOrientationLandscapeLeft UIInterfaceOrientationLandscapeRight";
				INFOPLIST_KEY_UISupportedInterfaceOrientations_iPhone = "UIInterfaceOrientationPortrait UIInterfaceOrientationLandscapeLeft UIInterfaceOrientationLandscapeRight";
				LD_RUNPATH_SEARCH_PATHS = (
					"$(inherited)",
					"@executable_path/Frameworks",
				);
				MARKETING_VERSION = 1.0;
				PRODUCT_BUNDLE_IDENTIFIER = com.deblur.PaintBoard;
				PRODUCT_NAME = "$(TARGET_NAME)";
				SWIFT_EMIT_LOC_STRINGS = YES;
				SWIFT_VERSION = 5.0;
				TARGETED_DEVICE_FAMILY = "1,2";
			};
			name = Release;
		};
		61EAA9C62A8DDCFA0011392D /* Debug */ = {
			isa = XCBuildConfiguration;
			buildSettings = {
				ALWAYS_EMBED_SWIFT_STANDARD_LIBRARIES = YES;
				BUNDLE_LOADER = "$(TEST_HOST)";
				CODE_SIGN_STYLE = Automatic;
				CURRENT_PROJECT_VERSION = 1;
				GENERATE_INFOPLIST_FILE = YES;
				IPHONEOS_DEPLOYMENT_TARGET = 16.4;
				MARKETING_VERSION = 1.0;
				PRODUCT_BUNDLE_IDENTIFIER = com.deblur.PaintBoardTests;
				PRODUCT_NAME = "$(TARGET_NAME)";
				SWIFT_EMIT_LOC_STRINGS = NO;
				SWIFT_VERSION = 5.0;
				TARGETED_DEVICE_FAMILY = "1,2";
				TEST_HOST = "$(BUILT_PRODUCTS_DIR)/PaintBoard.app/$(BUNDLE_EXECUTABLE_FOLDER_PATH)/PaintBoard";
			};
			name = Debug;
		};
		61EAA9C72A8DDCFA0011392D /* Release */ = {
			isa = XCBuildConfiguration;
			buildSettings = {
				ALWAYS_EMBED_SWIFT_STANDARD_LIBRARIES = YES;
				BUNDLE_LOADER = "$(TEST_HOST)";
				CODE_SIGN_STYLE = Automatic;
				CURRENT_PROJECT_VERSION = 1;
				GENERATE_INFOPLIST_FILE = YES;
				IPHONEOS_DEPLOYMENT_TARGET = 16.4;
				MARKETING_VERSION = 1.0;
				PRODUCT_BUNDLE_IDENTIFIER = com.deblur.PaintBoardTests;
				PRODUCT_NAME = "$(TARGET_NAME)";
				SWIFT_EMIT_LOC_STRINGS = NO;
				SWIFT_VERSION = 5.0;
				TARGETED_DEVICE_FAMILY = "1,2";
				TEST_HOST = "$(BUILT_PRODUCTS_DIR)/PaintBoard.app/$(BUNDLE_EXECUTABLE_FOLDER_PATH)/PaintBoard";
			};
			name = Release;
		};
		61EAA9C92A8DDCFA0011392D /* Debug */ = {
			isa = XCBuildConfiguration;
			buildSettings = {
				ALWAYS_EMBED_SWIFT_STANDARD_LIBRARIES = YES;
				CODE_SIGN_STYLE = Automatic;
				CURRENT_PROJECT_VERSION = 1;
				GENERATE_INFOPLIST_FILE = YES;
				MARKETING_VERSION = 1.0;
				PRODUCT_BUNDLE_IDENTIFIER = com.deblur.PaintBoardUITests;
				PRODUCT_NAME = "$(TARGET_NAME)";
				SWIFT_EMIT_LOC_STRINGS = NO;
				SWIFT_VERSION = 5.0;
				TARGETED_DEVICE_FAMILY = "1,2";
				TEST_TARGET_NAME = PaintBoard;
			};
			name = Debug;
		};
		61EAA9CA2A8DDCFA0011392D /* Release */ = {
			isa = XCBuildConfiguration;
			buildSettings = {
				ALWAYS_EMBED_SWIFT_STANDARD_LIBRARIES = YES;
				CODE_SIGN_STYLE = Automatic;
				CURRENT_PROJECT_VERSION = 1;
				GENERATE_INFOPLIST_FILE = YES;
				MARKETING_VERSION = 1.0;
				PRODUCT_BUNDLE_IDENTIFIER = com.deblur.PaintBoardUITests;
				PRODUCT_NAME = "$(TARGET_NAME)";
				SWIFT_EMIT_LOC_STRINGS = NO;
				SWIFT_VERSION = 5.0;
				TARGETED_DEVICE_FAMILY = "1,2";
				TEST_TARGET_NAME = PaintBoard;
			};
			name = Release;
		};
/* End XCBuildConfiguration section */

/* Begin XCConfigurationList section */
		61EAA9992A8DDCF80011392D /* Build configuration list for PBXProject "PaintBoard" */ = {
			isa = XCConfigurationList;
			buildConfigurations = (
				61EAA9C02A8DDCFA0011392D /* Debug */,
				61EAA9C12A8DDCFA0011392D /* Release */,
			);
			defaultConfigurationIsVisible = 0;
			defaultConfigurationName = Release;
		};
		61EAA9C22A8DDCFA0011392D /* Build configuration list for PBXNativeTarget "PaintBoard" */ = {
			isa = XCConfigurationList;
			buildConfigurations = (
				61EAA9C32A8DDCFA0011392D /* Debug */,
				61EAA9C42A8DDCFA0011392D /* Release */,
			);
			defaultConfigurationIsVisible = 0;
			defaultConfigurationName = Release;
		};
		61EAA9C52A8DDCFA0011392D /* Build configuration list for PBXNativeTarget "PaintBoardTests" */ = {
			isa = XCConfigurationList;
			buildConfigurations = (
				61EAA9C62A8DDCFA0011392D /* Debug */,
				61EAA9C72A8DDCFA0011392D /* Release */,
			);
			defaultConfigurationIsVisible = 0;
			defaultConfigurationName = Release;
		};
		61EAA9C82A8DDCFA0011392D /* Build configuration list for PBXNativeTarget "PaintBoardUITests" */ = {
			isa = XCConfigurationList;
			buildConfigurations = (
				61EAA9C92A8DDCFA0011392D /* Debug */,
				61EAA9CA2A8DDCFA0011392D /* Release */,
			);
			defaultConfigurationIsVisible = 0;
			defaultConfigurationName = Release;
		};
/* End XCConfigurationList section */

/* Begin XCRemoteSwiftPackageReference section */
		61EAA9CF2A8DDE7E0011392D /* XCRemoteSwiftPackageReference "firebase-ios-sdk" */ = {
			isa = XCRemoteSwiftPackageReference;
			repositoryURL = "https://github.com/firebase/firebase-ios-sdk";
			requirement = {
				kind = upToNextMajorVersion;
				minimumVersion = 10.0.0;
			};
		};
/* End XCRemoteSwiftPackageReference section */

/* Begin XCSwiftPackageProductDependency section */
		61EAA9D02A8DDE7E0011392D /* FirebaseAuth */ = {
			isa = XCSwiftPackageProductDependency;
			package = 61EAA9CF2A8DDE7E0011392D /* XCRemoteSwiftPackageReference "firebase-ios-sdk" */;
			productName = FirebaseAuth;
		};
		61EAA9D22A8DDE7E0011392D /* FirebaseDatabase */ = {
			isa = XCSwiftPackageProductDependency;
			package = 61EAA9CF2A8DDE7E0011392D /* XCRemoteSwiftPackageReference "firebase-ios-sdk" */;
			productName = FirebaseDatabase;
		};
		61EAA9D42A8DDE7E0011392D /* FirebaseDatabaseSwift */ = {
			isa = XCSwiftPackageProductDependency;
			package = 61EAA9CF2A8DDE7E0011392D /* XCRemoteSwiftPackageReference "firebase-ios-sdk" */;
			productName = FirebaseDatabaseSwift;
		};
		61EAA9D62A8DDE7E0011392D /* FirebaseFirestore */ = {
			isa = XCSwiftPackageProductDependency;
			package = 61EAA9CF2A8DDE7E0011392D /* XCRemoteSwiftPackageReference "firebase-ios-sdk" */;
			productName = FirebaseFirestore;
		};
/* End XCSwiftPackageProductDependency section */
	};
	rootObject = 61EAA9962A8DDCF80011392D /* Project object */;
}
